{
  "name": "md-links",
  "version": "0.1.0",
  "lockfileVersion": 3,
  "requires": true,
  "packages": {
    "": {
      "name": "md-links",
      "version": "0.1.0",
      "dependencies": {
        "fs.promises": "^0.1.2",
        "marked": "^7.0.2"
      },
      "engines": {
        "node": ">=16.x"
      }
    },
    "node_modules/fs.promises": {
      "version": "0.1.2",
      "resolved": "https://registry.npmjs.org/fs.promises/-/fs.promises-0.1.2.tgz",
      "integrity": "sha512-LNfkXdN6EToumV455EbdJaNxqLmEFqKqNZVIEyI2whtdpIppTsne2fHWgx05s+B2Aif29Lhzdz0AaOXKLvMGsA==",
      "engines": {
        "node": ">=8.9"
      }
    },
    "node_modules/marked": {
      "version": "7.0.2",
      "resolved": "https://registry.npmjs.org/marked/-/marked-7.0.2.tgz",
      "integrity": "sha512-ADEBjnCHOrsLoV7JPvUNWtELZ0b4SeIALhrfxuA9uhS3hw2PCezROoFduIqMOjeagBPto732+YC5tZHBMQRdqg==",
      "bin": {
        "marked": "bin/marked.js"
      },
      "engines": {
        "node": ">= 16"
      }
    }
  }
}
